
Microsoft Visual Studio Solution File, Format Version 12.00
# Visual Studio Version 16
VisualStudioVersion = 16.0.32228.343
MinimumVisualStudioVersion = 10.0.40219.1
Project("{FAE04EC0-301F-11D3-BF4B-00C04F79EFBC}") = "Capas controladora y vista", "Capas controladora y vista.csproj", "{8313E0F7-B09E-454D-B64E-93241E7FD338}"
EndProject
Global
	GlobalSection(SolutionConfigurationPlatforms) = preSolution
		Debug|Any CPU = Debug|Any CPU
		Release|Any CPU = Release|Any CPU
	EndGlobalSection
	GlobalSection(ProjectConfigurationPlatforms) = postSolution
		{8313E0F7-B09E-454D-B64E-93241E7FD338}.Debug|Any CPU.ActiveCfg = Debug|Any CPU
		{8313E0F7-B09E-454D-B64E-93241E7FD338}.Debug|Any CPU.Build.0 = Debug|Any CPU
		{8313E0F7-B09E-454D-B64E-93241E7FD338}.Release|Any CPU.ActiveCfg = Release|Any CPU
		{8313E0F7-B09E-454D-B64E-93241E7FD338}.Release|Any CPU.Build.0 = Release|Any CPU
	EndGlobalSection
	GlobalSection(SolutionProperties) = preSolution
		HideSolutionNode = FALSE
	EndGlobalSection
	GlobalSection(ExtensibilityGlobals) = postSolution
		SolutionGuid = {8C192B24-2180-49B6-AC33-83A353FE2CF5}
	EndGlobalSection
EndGlobal
